// !$*UTF8*$!
{
	archiveVersion = 1;
	classes = {
	};
	objectVersion = 50;
	objects = {

/* Begin PBXBuildFile section */
		D929CEFB2375A21D005A9D14 /* AppDelegate.swift in Sources */ = {isa = PBXBuildFile; fileRef = D929CEFA2375A21D005A9D14 /* AppDelegate.swift */; };
		D929CEFD2375A21D005A9D14 /* SceneDelegate.swift in Sources */ = {isa = PBXBuildFile; fileRef = D929CEFC2375A21D005A9D14 /* SceneDelegate.swift */; };
		D929CEFF2375A21D005A9D14 /* ViewController.swift in Sources */ = {isa = PBXBuildFile; fileRef = D929CEFE2375A21D005A9D14 /* ViewController.swift */; };
		D929CF022375A21D005A9D14 /* Main.storyboard in Resources */ = {isa = PBXBuildFile; fileRef = D929CF002375A21D005A9D14 /* Main.storyboard */; };
		D929CF042375A220005A9D14 /* Assets.xcassets in Resources */ = {isa = PBXBuildFile; fileRef = D929CF032375A220005A9D14 /* Assets.xcassets */; };
		D929CF072375A220005A9D14 /* LaunchScreen.storyboard in Resources */ = {isa = PBXBuildFile; fileRef = D929CF052375A220005A9D14 /* LaunchScreen.storyboard */; };
		D929CF122375A220005A9D14 /* testeLocalizacaoTests.swift in Sources */ = {isa = PBXBuildFile; fileRef = D929CF112375A220005A9D14 /* testeLocalizacaoTests.swift */; };
		D929CF1D2375A220005A9D14 /* testeLocalizacaoUITests.swift in Sources */ = {isa = PBXBuildFile; fileRef = D929CF1C2375A220005A9D14 /* testeLocalizacaoUITests.swift */; };
		D929CF2C2375A23D005A9D14 /* CoreLocation.framework in Frameworks */ = {isa = PBXBuildFile; fileRef = D929CF2B2375A23D005A9D14 /* CoreLocation.framework */; };
/* End PBXBuildFile section */

/* Begin PBXContainerItemProxy section */
		D929CF0E2375A220005A9D14 /* PBXContainerItemProxy */ = {
			isa = PBXContainerItemProxy;
			containerPortal = D929CEEF2375A21D005A9D14 /* Project object */;
			proxyType = 1;
			remoteGlobalIDString = D929CEF62375A21D005A9D14;
			remoteInfo = testeLocalizacao;
		};
		D929CF192375A220005A9D14 /* PBXContainerItemProxy */ = {
			isa = PBXContainerItemProxy;
			containerPortal = D929CEEF2375A21D005A9D14 /* Project object */;
			proxyType = 1;
			remoteGlobalIDString = D929CEF62375A21D005A9D14;
			remoteInfo = testeLocalizacao;
		};
/* End PBXContainerItemProxy section */

/* Begin PBXFileReference section */
		D929CEF72375A21D005A9D14 /* testeLocalizacao.app */ = {isa = PBXFileReference; explicitFileType = wrapper.application; includeInIndex = 0; path = testeLocalizacao.app; sourceTree = BUILT_PRODUCTS_DIR; };
		D929CEFA2375A21D005A9D14 /* AppDelegate.swift */ = {isa = PBXFileReference; lastKnownFileType = sourcecode.swift; path = AppDelegate.swift; sourceTree = "<group>"; };
		D929CEFC2375A21D005A9D14 /* SceneDelegate.swift */ = {isa = PBXFileReference; lastKnownFileType = sourcecode.swift; path = SceneDelegate.swift; sourceTree = "<group>"; };
		D929CEFE2375A21D005A9D14 /* ViewController.swift */ = {isa = PBXFileReference; lastKnownFileType = sourcecode.swift; path = ViewController.swift; sourceTree = "<group>"; };
		D929CF012375A21D005A9D14 /* Base */ = {isa = PBXFileReference; lastKnownFileType = file.storyboard; name = Base; path = Base.lproj/Main.storyboard; sourceTree = "<group>"; };
		D929CF032375A220005A9D14 /* Assets.xcassets */ = {isa = PBXFileReference; lastKnownFileType = folder.assetcatalog; path = Assets.xcassets; sourceTree = "<group>"; };
		D929CF062375A220005A9D14 /* Base */ = {isa = PBXFileReference; lastKnownFileType = file.storyboard; name = Base; path = Base.lproj/LaunchScreen.storyboard; sourceTree = "<group>"; };
		D929CF082375A220005A9D14 /* Info.plist */ = {isa = PBXFileReference; lastKnownFileType = text.plist.xml; path = Info.plist; sourceTree = "<group>"; };
		D929CF0D2375A220005A9D14 /* testeLocalizacaoTests.xctest */ = {isa = PBXFileReference; explicitFileType = wrapper.cfbundle; includeInIndex = 0; path = testeLocalizacaoTests.xctest; sourceTree = BUILT_PRODUCTS_DIR; };
		D929CF112375A220005A9D14 /* testeLocalizacaoTests.swift */ = {isa = PBXFileReference; lastKnownFileType = sourcecode.swift; path = testeLocalizacaoTests.swift; sourceTree = "<group>"; };
		D929CF132375A220005A9D14 /* Info.plist */ = {isa = PBXFileReference; lastKnownFileType = text.plist.xml; path = Info.plist; sourceTree = "<group>"; };
		D929CF182375A220005A9D14 /* testeLocalizacaoUITests.xctest */ = {isa = PBXFileReference; explicitFileType = wrapper.cfbundle; includeInIndex = 0; path = testeLocalizacaoUITests.xctest; sourceTree = BUILT_PRODUCTS_DIR; };
		D929CF1C2375A220005A9D14 /* testeLocalizacaoUITests.swift */ = {isa = PBXFileReference; lastKnownFileType = sourcecode.swift; path = testeLocalizacaoUITests.swift; sourceTree = "<group>"; };
		D929CF1E2375A220005A9D14 /* Info.plist */ = {isa = PBXFileReference; lastKnownFileType = text.plist.xml; path = Info.plist; sourceTree = "<group>"; };
		D929CF2B2375A23D005A9D14 /* CoreLocation.framework */ = {isa = PBXFileReference; lastKnownFileType = wrapper.framework; name = CoreLocation.framework; path = System/Library/Frameworks/CoreLocation.framework; sourceTree = SDKROOT; };
/* End PBXFileReference section */

/* Begin PBXFrameworksBuildPhase section */
		D929CEF42375A21D005A9D14 /* Frameworks */ = {
			isa = PBXFrameworksBuildPhase;
			buildActionMask = 2147483647;
			files = (
				D929CF2C2375A23D005A9D14 /* CoreLocation.framework in Frameworks */,
			);
			runOnlyForDeploymentPostprocessing = 0;
		};
		D929CF0A2375A220005A9D14 /* Frameworks */ = {
			isa = PBXFrameworksBuildPhase;
			buildActionMask = 2147483647;
			files = (
			);
			runOnlyForDeploymentPostprocessing = 0;
		};
		D929CF152375A220005A9D14 /* Frameworks */ = {
			isa = PBXFrameworksBuildPhase;
			buildActionMask = 2147483647;
			files = (
			);
			runOnlyForDeploymentPostprocessing = 0;
		};
/* End PBXFrameworksBuildPhase section */

/* Begin PBXGroup section */
		D929CEEE2375A21D005A9D14 = {
			isa = PBXGroup;
			children = (
				D929CEF92375A21D005A9D14 /* testeLocalizacao */,
				D929CF102375A220005A9D14 /* testeLocalizacaoTests */,
				D929CF1B2375A220005A9D14 /* testeLocalizacaoUITests */,
				D929CEF82375A21D005A9D14 /* Products */,
				D929CF2A2375A23D005A9D14 /* Frameworks */,
			);
			sourceTree = "<group>";
		};
		D929CEF82375A21D005A9D14 /* Products */ = {
			isa = PBXGroup;
			children = (
				D929CEF72375A21D005A9D14 /* testeLocalizacao.app */,
				D929CF0D2375A220005A9D14 /* testeLocalizacaoTests.xctest */,
				D929CF182375A220005A9D14 /* testeLocalizacaoUITests.xctest */,
			);
			name = Products;
			sourceTree = "<group>";
		};
		D929CEF92375A21D005A9D14 /* testeLocalizacao */ = {
			isa = PBXGroup;
			children = (
				D929CEFA2375A21D005A9D14 /* AppDelegate.swift */,
				D929CEFC2375A21D005A9D14 /* SceneDelegate.swift */,
				D929CEFE2375A21D005A9D14 /* ViewController.swift */,
				D929CF002375A21D005A9D14 /* Main.storyboard */,
				D929CF032375A220005A9D14 /* Assets.xcassets */,
				D929CF052375A220005A9D14 /* LaunchScreen.storyboard */,
				D929CF082375A220005A9D14 /* Info.plist */,
			);
			path = testeLocalizacao;
			sourceTree = "<group>";
		};
		D929CF102375A220005A9D14 /* testeLocalizacaoTests */ = {
			isa = PBXGroup;
			children = (
				D929CF112375A220005A9D14 /* testeLocalizacaoTests.swift */,
				D929CF132375A220005A9D14 /* Info.plist */,
			);
			path = testeLocalizacaoTests;
			sourceTree = "<group>";
		};
		D929CF1B2375A220005A9D14 /* testeLocalizacaoUITests */ = {
			isa = PBXGroup;
			children = (
				D929CF1C2375A220005A9D14 /* testeLocalizacaoUITests.swift */,
				D929CF1E2375A220005A9D14 /* Info.plist */,
			);
			path = testeLocalizacaoUITests;
			sourceTree = "<group>";
		};
		D929CF2A2375A23D005A9D14 /* Frameworks */ = {
			isa = PBXGroup;
			children = (
				D929CF2B2375A23D005A9D14 /* CoreLocation.framework */,
			);
			name = Frameworks;
			sourceTree = "<group>";
		};
/* End PBXGroup section */

/* Begin PBXNativeTarget section */
		D929CEF62375A21D005A9D14 /* testeLocalizacao */ = {
			isa = PBXNativeTarget;
			buildConfigurationList = D929CF212375A220005A9D14 /* Build configuration list for PBXNativeTarget "testeLocalizacao" */;
			buildPhases = (
				D929CEF32375A21D005A9D14 /* Sources */,
				D929CEF42375A21D005A9D14 /* Frameworks */,
				D929CEF52375A21D005A9D14 /* Resources */,
			);
			buildRules = (
			);
			dependencies = (
			);
			name = testeLocalizacao;
			productName = testeLocalizacao;
			productReference = D929CEF72375A21D005A9D14 /* testeLocalizacao.app */;
			productType = "com.apple.product-type.application";
		};
		D929CF0C2375A220005A9D14 /* testeLocalizacaoTests */ = {
			isa = PBXNativeTarget;
			buildConfigurationList = D929CF242375A220005A9D14 /* Build configuration list for PBXNativeTarget "testeLocalizacaoTests" */;
			buildPhases = (
				D929CF092375A220005A9D14 /* Sources */,
				D929CF0A2375A220005A9D14 /* Frameworks */,
				D929CF0B2375A220005A9D14 /* Resources */,
			);
			buildRules = (
			);
			dependencies = (
				D929CF0F2375A220005A9D14 /* PBXTargetDependency */,
			);
			name = testeLocalizacaoTests;
			productName = testeLocalizacaoTests;
			productReference = D929CF0D2375A220005A9D14 /* testeLocalizacaoTests.xctest */;
			productType = "com.apple.product-type.bundle.unit-test";
		};
		D929CF172375A220005A9D14 /* testeLocalizacaoUITests */ = {
			isa = PBXNativeTarget;
			buildConfigurationList = D929CF272375A220005A9D14 /* Build configuration list for PBXNativeTarget "testeLocalizacaoUITests" */;
			buildPhases = (
				D929CF142375A220005A9D14 /* Sources */,
				D929CF152375A220005A9D14 /* Frameworks */,
				D929CF162375A220005A9D14 /* Resources */,
			);
			buildRules = (
			);
			dependencies = (
				D929CF1A2375A220005A9D14 /* PBXTargetDependency */,
			);
			name = testeLocalizacaoUITests;
			productName = testeLocalizacaoUITests;
			productReference = D929CF182375A220005A9D14 /* testeLocalizacaoUITests.xctest */;
			productType = "com.apple.product-type.bundle.ui-testing";
		};
/* End PBXNativeTarget section */

/* Begin PBXProject section */
		D929CEEF2375A21D005A9D14 /* Project object */ = {
			isa = PBXProject;
			attributes = {
				LastSwiftUpdateCheck = 1110;
				LastUpgradeCheck = 1110;
				ORGANIZATIONNAME = "humberto Lima";
				TargetAttributes = {
					D929CEF62375A21D005A9D14 = {
						CreatedOnToolsVersion = 11.1;
					};
					D929CF0C2375A220005A9D14 = {
						CreatedOnToolsVersion = 11.1;
						TestTargetID = D929CEF62375A21D005A9D14;
					};
					D929CF172375A220005A9D14 = {
						CreatedOnToolsVersion = 11.1;
						TestTargetID = D929CEF62375A21D005A9D14;
					};
				};
			};
			buildConfigurationList = D929CEF22375A21D005A9D14 /* Build configuration list for PBXProject "testeLocalizacao" */;
			compatibilityVersion = "Xcode 9.3";
			developmentRegion = en;
			hasScannedForEncodings = 0;
			knownRegions = (
				en,
				Base,
			);
			mainGroup = D929CEEE2375A21D005A9D14;
			productRefGroup = D929CEF82375A21D005A9D14 /* Products */;
			projectDirPath = "";
			projectRoot = "";
			targets = (
				D929CEF62375A21D005A9D14 /* testeLocalizacao */,
				D929CF0C2375A220005A9D14 /* testeLocalizacaoTests */,
				D929CF172375A220005A9D14 /* testeLocalizacaoUITests */,
			);
		};
/* End PBXProject section */

/* Begin PBXResourcesBuildPhase section */
		D929CEF52375A21D005A9D14 /* Resources */ = {
			isa = PBXResourcesBuildPhase;
			buildActionMask = 2147483647;
			files = (
				D929CF072375A220005A9D14 /* LaunchScreen.storyboard in Resources */,
				D929CF042375A220005A9D14 /* Assets.xcassets in Resources */,
				D929CF022375A21D005A9D14 /* Main.storyboard in Resources */,
			);
			runOnlyForDeploymentPostprocessing = 0;
		};
		D929CF0B2375A220005A9D14 /* Resources */ = {
			isa = PBXResourcesBuildPhase;
			buildActionMask = 2147483647;
			files = (
			);
			runOnlyForDeploymentPostprocessing = 0;
		};
		D929CF162375A220005A9D14 /* Resources */ = {
			isa = PBXResourcesBuildPhase;
			buildActionMask = 2147483647;
			files = (
			);
			runOnlyForDeploymentPostprocessing = 0;
		};
/* End PBXResourcesBuildPhase section */

/* Begin PBXSourcesBuildPhase section */
		D929CEF32375A21D005A9D14 /* Sources */ = {
			isa = PBXSourcesBuildPhase;
			buildActionMask = 2147483647;
			files = (
				D929CEFF2375A21D005A9D14 /* ViewController.swift in Sources */,
				D929CEFB2375A21D005A9D14 /* AppDelegate.swift in Sources */,
				D929CEFD2375A21D005A9D14 /* SceneDelegate.swift in Sources */,
			);
			runOnlyForDeploymentPostprocessing = 0;
		};
		D929CF092375A220005A9D14 /* Sources */ = {
			isa = PBXSourcesBuildPhase;
			buildActionMask = 2147483647;
			files = (
				D929CF122375A220005A9D14 /* testeLocalizacaoTests.swift in Sources */,
			);
			runOnlyForDeploymentPostprocessing = 0;
		};
		D929CF142375A220005A9D14 /* Sources */ = {
			isa = PBXSourcesBuildPhase;
			buildActionMask = 2147483647;
			files = (
				D929CF1D2375A220005A9D14 /* testeLocalizacaoUITests.swift in Sources */,
			);
			runOnlyForDeploymentPostprocessing = 0;
		};
/* End PBXSourcesBuildPhase section */

/* Begin PBXTargetDependency section */
		D929CF0F2375A220005A9D14 /* PBXTargetDependency */ = {
			isa = PBXTargetDependency;
			target = D929CEF62375A21D005A9D14 /* testeLocalizacao */;
			targetProxy = D929CF0E2375A220005A9D14 /* PBXContainerItemProxy */;
		};
		D929CF1A2375A220005A9D14 /* PBXTargetDependency */ = {
			isa = PBXTargetDependency;
			target = D929CEF62375A21D005A9D14 /* testeLocalizacao */;
			targetProxy = D929CF192375A220005A9D14 /* PBXContainerItemProxy */;
		};
/* End PBXTargetDependency section */

/* Begin PBXVariantGroup section */
		D929CF002375A21D005A9D14 /* Main.storyboard */ = {
			isa = PBXVariantGroup;
			children = (
				D929CF012375A21D005A9D14 /* Base */,
			);
			name = Main.storyboard;
			sourceTree = "<group>";
		};
		D929CF052375A220005A9D14 /* LaunchScreen.storyboard */ = {
			isa = PBXVariantGroup;
			children = (
				D929CF062375A220005A9D14 /* Base */,
			);
			name = LaunchScreen.storyboard;
			sourceTree = "<group>";
		};
/* End PBXVariantGroup section */

/* Begin XCBuildConfiguration section */
		D929CF1F2375A220005A9D14 /* Debug */ = {
			isa = XCBuildConfiguration;
			buildSettings = {
				ALWAYS_SEARCH_USER_PATHS = NO;
				CLANG_ANALYZER_NONNULL = YES;
				CLANG_ANALYZER_NUMBER_OBJECT_CONVERSION = YES_AGGRESSIVE;
				CLANG_CXX_LANGUAGE_STANDARD = "gnu++14";
				CLANG_CXX_LIBRARY = "libc++";
				CLANG_ENABLE_MODULES = YES;
				CLANG_ENABLE_OBJC_ARC = YES;
				CLANG_ENABLE_OBJC_WEAK = YES;
				CLANG_WARN_BLOCK_CAPTURE_AUTORELEASING = YES;
				CLANG_WARN_BOOL_CONVERSION = YES;
				CLANG_WARN_COMMA = YES;
				CLANG_WARN_CONSTANT_CONVERSION = YES;
				CLANG_WARN_DEPRECATED_OBJC_IMPLEMENTATIONS = YES;
				CLANG_WARN_DIRECT_OBJC_ISA_USAGE = YES_ERROR;
				CLANG_WARN_DOCUMENTATION_COMMENTS = YES;
				CLANG_WARN_EMPTY_BODY = YES;
				CLANG_WARN_ENUM_CONVERSION = YES;
				CLANG_WARN_INFINITE_RECURSION = YES;
				CLANG_WARN_INT_CONVERSION = YES;
				CLANG_WARN_NON_LITERAL_NULL_CONVERSION = YES;
				CLANG_WARN_OBJC_IMPLICIT_RETAIN_SELF = YES;
				CLANG_WARN_OBJC_LITERAL_CONVERSION = YES;
				CLANG_WARN_OBJC_ROOT_CLASS = YES_ERROR;
				CLANG_WARN_RANGE_LOOP_ANALYSIS = YES;
				CLANG_WARN_STRICT_PROTOTYPES = YES;
				CLANG_WARN_SUSPICIOUS_MOVE = YES;
				CLANG_WARN_UNGUARDED_AVAILABILITY = YES_AGGRESSIVE;
				CLANG_WARN_UNREACHABLE_CODE = YES;
				CLANG_WARN__DUPLICATE_METHOD_MATCH = YES;
				COPY_PHASE_STRIP = NO;
				DEBUG_INFORMATION_FORMAT = dwarf;
				ENABLE_STRICT_OBJC_MSGSEND = YES;
				ENABLE_TESTABILITY = YES;
				GCC_C_LANGUAGE_STANDARD = gnu11;
				GCC_DYNAMIC_NO_PIC = NO;
				GCC_NO_COMMON_BLOCKS = YES;
				GCC_OPTIMIZATION_LEVEL = 0;
				GCC_PREPROCESSOR_DEFINITIONS = (
					"DEBUG=1",
					"$(inherited)",
				);
				GCC_WARN_64_TO_32_BIT_CONVERSION = YES;
				GCC_WARN_ABOUT_RETURN_TYPE = YES_ERROR;
				GCC_WARN_UNDECLARED_SELECTOR = YES;
				GCC_WARN_UNINITIALIZED_AUTOS = YES_AGGRESSIVE;
				GCC_WARN_UNUSED_FUNCTION = YES;
				GCC_WARN_UNUSED_VARIABLE = YES;
				IPHONEOS_DEPLOYMENT_TARGET = 13.1;
				MTL_ENABLE_DEBUG_INFO = INCLUDE_SOURCE;
				MTL_FAST_MATH = YES;
				ONLY_ACTIVE_ARCH = YES;
				SDKROOT = iphoneos;
				SWIFT_ACTIVE_COMPILATION_CONDITIONS = DEBUG;
				SWIFT_OPTIMIZATION_LEVEL = "-Onone";
			};
			name = Debug;
		};
		D929CF202375A220005A9D14 /* Release */ = {
			isa = XCBuildConfiguration;
			buildSettings = {
				ALWAYS_SEARCH_USER_PATHS = NO;
				CLANG_ANALYZER_NONNULL = YES;
				CLANG_ANALYZER_NUMBER_OBJECT_CONVERSION = YES_AGGRESSIVE;
				CLANG_CXX_LANGUAGE_STANDARD = "gnu++14";
				CLANG_CXX_LIBRARY = "libc++";
				CLANG_ENABLE_MODULES = YES;
				CLANG_ENABLE_OBJC_ARC = YES;
				CLANG_ENABLE_OBJC_WEAK = YES;
				CLANG_WARN_BLOCK_CAPTURE_AUTORELEASING = YES;
				CLANG_WARN_BOOL_CONVERSION = YES;
				CLANG_WARN_COMMA = YES;
				CLANG_WARN_CONSTANT_CONVERSION = YES;
				CLANG_WARN_DEPRECATED_OBJC_IMPLEMENTATIONS = YES;
				CLANG_WARN_DIRECT_OBJC_ISA_USAGE = YES_ERROR;
				CLANG_WARN_DOCUMENTATION_COMMENTS = YES;
				CLANG_WARN_EMPTY_BODY = YES;
				CLANG_WARN_ENUM_CONVERSION = YES;
				CLANG_WARN_INFINITE_RECURSION = YES;
				CLANG_WARN_INT_CONVERSION = YES;
				CLANG_WARN_NON_LITERAL_NULL_CONVERSION = YES;
				CLANG_WARN_OBJC_IMPLICIT_RETAIN_SELF = YES;
				CLANG_WARN_OBJC_LITERAL_CONVERSION = YES;
				CLANG_WARN_OBJC_ROOT_CLASS = YES_ERROR;
				CLANG_WARN_RANGE_LOOP_ANALYSIS = YES;
				CLANG_WARN_STRICT_PROTOTYPES = YES;
				CLANG_WARN_SUSPICIOUS_MOVE = YES;
				CLANG_WARN_UNGUARDED_AVAILABILITY = YES_AGGRESSIVE;
				CLANG_WARN_UNREACHABLE_CODE = YES;
				CLANG_WARN__DUPLICATE_METHOD_MATCH = YES;
				COPY_PHASE_STRIP = NO;
				DEBUG_INFORMATION_FORMAT = "dwarf-with-dsym";
				ENABLE_NS_ASSERTIONS = NO;
				ENABLE_STRICT_OBJC_MSGSEND = YES;
				GCC_C_LANGUAGE_STANDARD = gnu11;
				GCC_NO_COMMON_BLOCKS = YES;
				GCC_WARN_64_TO_32_BIT_CONVERSION = YES;
				GCC_WARN_ABOUT_RETURN_TYPE = YES_ERROR;
				GCC_WARN_UNDECLARED_SELECTOR = YES;
				GCC_WARN_UNINITIALIZED_AUTOS = YES_AGGRESSIVE;
				GCC_WARN_UNUSED_FUNCTION = YES;
				GCC_WARN_UNUSED_VARIABLE = YES;
				IPHONEOS_DEPLOYMENT_TARGET = 13.1;
				MTL_ENABLE_DEBUG_INFO = NO;
				MTL_FAST_MATH = YES;
				SDKROOT = iphoneos;
				SWIFT_COMPILATION_MODE = wholemodule;
				SWIFT_OPTIMIZATION_LEVEL = "-O";
				VALIDATE_PRODUCT = YES;
			};
			name = Release;
		};
		D929CF222375A220005A9D14 /* Debug */ = {
			isa = XCBuildConfiguration;
			buildSettings = {
				ASSETCATALOG_COMPILER_APPICON_NAME = AppIcon;
				CODE_SIGN_STYLE = Automatic;
				INFOPLIST_FILE = testeLocalizacao/Info.plist;
				LD_RUNPATH_SEARCH_PATHS = (
					"$(inherited)",
					"@executable_path/Frameworks",
				);
				PRODUCT_BUNDLE_IDENTIFIER = com.br.testeLocalizacao;
				PRODUCT_NAME = "$(TARGET_NAME)";
				SWIFT_VERSION = 5.0;
				TARGETED_DEVICE_FAMILY = "1,2";
			};
			name = Debug;
		};
		D929CF232375A220005A9D14 /* Release */ = {
			isa = XCBuildConfiguration;
			buildSettings = {
				ASSETCATALOG_COMPILER_APPICON_NAME = AppIcon;
				CODE_SIGN_STYLE = Automatic;
				INFOPLIST_FILE = testeLocalizacao/Info.plist;
				LD_RUNPATH_SEARCH_PATHS = (
					"$(inherited)",
					"@executable_path/Frameworks",
				);
				PRODUCT_BUNDLE_IDENTIFIER = com.br.testeLocalizacao;
				PRODUCT_NAME = "$(TARGET_NAME)";
				SWIFT_VERSION = 5.0;
				TARGETED_DEVICE_FAMILY = "1,2";
			};
			name = Release;
		};
		D929CF252375A220005A9D14 /* Debug */ = {
			isa = XCBuildConfiguration;
			buildSettings = {
				ALWAYS_EMBED_SWIFT_STANDARD_LIBRARIES = YES;
				BUNDLE_LOADER = "$(TEST_HOST)";
				CODE_SIGN_STYLE = Automatic;
				INFOPLIST_FILE = testeLocalizacaoTests/Info.plist;
				IPHONEOS_DEPLOYMENT_TARGET = 13.1;
				LD_RUNPATH_SEARCH_PATHS = (
					"$(inherited)",
					"@executable_path/Frameworks",
					"@loader_path/Frameworks",
				);
				PRODUCT_BUNDLE_IDENTIFIER = com.br.testeLocalizacaoTests;
				PRODUCT_NAME = "$(TARGET_NAME)";
				SWIFT_VERSION = 5.0;
				TARGETED_DEVICE_FAMILY = "1,2";
				TEST_HOST = "$(BUILT_PRODUCTS_DIR)/testeLocalizacao.app/testeLocalizacao";
			};
			name = Debug;
		};
		D929CF262375A220005A9D14 /* Release */ = {
			isa = XCBuildConfiguration;
			buildSettings = {
				ALWAYS_EMBED_SWIFT_STANDARD_LIBRARIES = YES;
				BUNDLE_LOADER = "$(TEST_HOST)";
				CODE_SIGN_STYLE = Automatic;
				INFOPLIST_FILE = testeLocalizacaoTests/Info.plist;
				IPHONEOS_DEPLOYMENT_TARGET = 13.1;
				LD_RUNPATH_SEARCH_PATHS = (
					"$(inherited)",
					"@executable_path/Frameworks",
					"@loader_path/Frameworks",
				);
				PRODUCT_BUNDLE_IDENTIFIER = com.br.testeLocalizacaoTests;
				PRODUCT_NAME = "$(TARGET_NAME)";
				SWIFT_VERSION = 5.0;
				TARGETED_DEVICE_FAMILY = "1,2";
				TEST_HOST = "$(BUILT_PRODUCTS_DIR)/testeLocalizacao.app/testeLocalizacao";
			};
			name = Release;
		};
		D929CF282375A220005A9D14 /* Debug */ = {
			isa = XCBuildConfiguration;
			buildSettings = {
				ALWAYS_EMBED_SWIFT_STANDARD_LIBRARIES = YES;
				CODE_SIGN_STYLE = Automatic;
				INFOPLIST_FILE = testeLocalizacaoUITests/Info.plist;
				LD_RUNPATH_SEARCH_PATHS = (
					"$(inherited)",
					"@executable_path/Frameworks",
					"@loader_path/Frameworks",
				);
				PRODUCT_BUNDLE_IDENTIFIER = com.br.testeLocalizacaoUITests;
				PRODUCT_NAME = "$(TARGET_NAME)";
				SWIFT_VERSION = 5.0;
				TARGETED_DEVICE_FAMILY = "1,2";
				TEST_TARGET_NAME = testeLocalizacao;
			};
			name = Debug;
		};
		D929CF292375A220005A9D14 /* Release */ = {
			isa = XCBuildConfiguration;
			buildSettings = {
				ALWAYS_EMBED_SWIFT_STANDARD_LIBRARIES = YES;
				CODE_SIGN_STYLE = Automatic;
				INFOPLIST_FILE = testeLocalizacaoUITests/Info.plist;
				LD_RUNPATH_SEARCH_PATHS = (
					"$(inherited)",
					"@executable_path/Frameworks",
					"@loader_path/Frameworks",
				);
				PRODUCT_BUNDLE_IDENTIFIER = com.br.testeLocalizacaoUITests;
				PRODUCT_NAME = "$(TARGET_NAME)";
				SWIFT_VERSION = 5.0;
				TARGETED_DEVICE_FAMILY = "1,2";
				TEST_TARGET_NAME = testeLocalizacao;
			};
			name = Release;
		};
/* End XCBuildConfiguration section */

/* Begin XCConfigurationList section */
		D929CEF22375A21D005A9D14 /* Build configuration list for PBXProject "testeLocalizacao" */ = {
			isa = XCConfigurationList;
			buildConfigurations = (
				D929CF1F2375A220005A9D14 /* Debug */,
				D929CF202375A220005A9D14 /* Release */,
			);
			defaultConfigurationIsVisible = 0;
			defaultConfigurationName = Release;
		};
		D929CF212375A220005A9D14 /* Build configuration list for PBXNativeTarget "testeLocalizacao" */ = {
			isa = XCConfigurationList;
			buildConfigurations = (
				D929CF222375A220005A9D14 /* Debug */,
				D929CF232375A220005A9D14 /* Release */,
			);
			defaultConfigurationIsVisible = 0;
			defaultConfigurationName = Release;
		};
		D929CF242375A220005A9D14 /* Build configuration list for PBXNativeTarget "testeLocalizacaoTests" */ = {
			isa = XCConfigurationList;
			buildConfigurations = (
				D929CF252375A220005A9D14 /* Debug */,
				D929CF262375A220005A9D14 /* Release */,
			);
			defaultConfigurationIsVisible = 0;
			defaultConfigurationName = Release;
		};
		D929CF272375A220005A9D14 /* Build configuration list for PBXNativeTarget "testeLocalizacaoUITests" */ = {
			isa = XCConfigurationList;
			buildConfigurations = (
				D929CF282375A220005A9D14 /* Debug */,
				D929CF292375A220005A9D14 /* Release */,
			);
			defaultConfigurationIsVisible = 0;
			defaultConfigurationName = Release;
		};
/* End XCConfigurationList section */
	};
	rootObject = D929CEEF2375A21D005A9D14 /* Project object */;
}
